
Microsoft Visual Studio Solution File, Format Version 12.00
# Visual Studio 15
VisualStudioVersion = 15.0.27703.2035
MinimumVisualStudioVersion = 10.0.40219.1
Project("{E24C65DC-7377-472B-9ABA-BC803B73C61A}") = "HelloTriangle", "HelloTriangle\", "{47FAB174-626D-44C3-8DDF-D3B7BAB98EFE}"
	ProjectSection(WebsiteProperties) = preProject
		TargetFrameworkMoniker = ".NETFramework,Version%3Dv4.6.1"
		Debug.AspNetCompiler.VirtualPath = "/localhost_1293"
		Debug.AspNetCompiler.PhysicalPath = "HelloTriangle\"
		Debug.AspNetCompiler.TargetPath = "PrecompiledWeb\localhost_1293\"
		Debug.AspNetCompiler.Updateable = "true"
		Debug.AspNetCompiler.ForceOverwrite = "true"
		Debug.AspNetCompiler.FixedNames = "false"
		Debug.AspNetCompiler.Debug = "True"
		Release.AspNetCompiler.VirtualPath = "/localhost_1293"
		Release.AspNetCompiler.PhysicalPath = "HelloTriangle\"
		Release.AspNetCompiler.TargetPath = "PrecompiledWeb\localhost_1293\"
		Release.AspNetCompiler.Updateable = "true"
		Release.AspNetCompiler.ForceOverwrite = "true"
		Release.AspNetCompiler.FixedNames = "false"
		Release.AspNetCompiler.Debug = "False"
		VWDPort = "1293"
		SlnRelativePath = "HelloTriangle\"
		DefaultWebSiteLanguage = "Visual C#"
	EndProjectSection
EndProject
Global
	GlobalSection(SolutionConfigurationPlatforms) = preSolution
		Debug|Any CPU = Debug|Any CPU
	EndGlobalSection
	GlobalSection(ProjectConfigurationPlatforms) = postSolution
		{47FAB174-626D-44C3-8DDF-D3B7BAB98EFE}.Debug|Any CPU.ActiveCfg = Debug|Any CPU
		{47FAB174-626D-44C3-8DDF-D3B7BAB98EFE}.Debug|Any CPU.Build.0 = Debug|Any CPU
	EndGlobalSection
	GlobalSection(SolutionProperties) = preSolution
		HideSolutionNode = FALSE
	EndGlobalSection
	GlobalSection(ExtensibilityGlobals) = postSolution
		SolutionGuid = {F6912DCD-4379-4D17-83C8-9705C911E93A}
	EndGlobalSection
EndGlobal
